
Microsoft Visual Studio Solution File, Format Version 12.00
# Visual Studio Version 17
VisualStudioVersion = 17.0.31903.59
MinimumVisualStudioVersion = 10.0.40219.1
Project("{FAE04EC0-301F-11D3-BF4B-00C04F79EFBC}") = "Application", "Application\Application.csproj", "{C7E16986-E7E1-41A6-BFB7-FB9907296B88}"
EndProject
Project("{FAE04EC0-301F-11D3-BF4B-00C04F79EFBC}") = "Persistence", "Persistence\Persistence.csproj", "{E0BEAE61-87FE-48E3-9489-E358DA298539}"
EndProject
Global
	GlobalSection(SolutionConfigurationPlatforms) = preSolution
		Debug|Any CPU = Debug|Any CPU
		Release|Any CPU = Release|Any CPU
	EndGlobalSection
	GlobalSection(SolutionProperties) = preSolution
		HideSolutionNode = FALSE
	EndGlobalSection
	GlobalSection(ProjectConfigurationPlatforms) = postSolution
		{C7E16986-E7E1-41A6-BFB7-FB9907296B88}.Debug|Any CPU.ActiveCfg = Debug|Any CPU
		{C7E16986-E7E1-41A6-BFB7-FB9907296B88}.Debug|Any CPU.Build.0 = Debug|Any CPU
		{C7E16986-E7E1-41A6-BFB7-FB9907296B88}.Release|Any CPU.ActiveCfg = Release|Any CPU
		{C7E16986-E7E1-41A6-BFB7-FB9907296B88}.Release|Any CPU.Build.0 = Release|Any CPU
		{E0BEAE61-87FE-48E3-9489-E358DA298539}.Debug|Any CPU.ActiveCfg = Debug|Any CPU
		{E0BEAE61-87FE-48E3-9489-E358DA298539}.Debug|Any CPU.Build.0 = Debug|Any CPU
		{E0BEAE61-87FE-48E3-9489-E358DA298539}.Release|Any CPU.ActiveCfg = Release|Any CPU
		{E0BEAE61-87FE-48E3-9489-E358DA298539}.Release|Any CPU.Build.0 = Release|Any CPU
	EndGlobalSection
EndGlobal
